
Microsoft Visual Studio Solution File, Format Version 12.00
# Visual Studio Version 17
VisualStudioVersion = 17.4.33213.308
MinimumVisualStudioVersion = 10.0.40219.1
Project("{FAE04EC0-301F-11D3-BF4B-00C04F79EFBC}") = "SSQE Player", "SSQE Player\SSQE Player.csproj", "{FC7301C1-1C38-4FAD-B170-C350354B5C6B}"
EndProject
Global
	GlobalSection(SolutionConfigurationPlatforms) = preSolution
		Debug|Any CPU = Debug|Any CPU
		Debug|x64 = Debug|x64
		Release|Any CPU = Release|Any CPU
		Release|x64 = Release|x64
	EndGlobalSection
	GlobalSection(ProjectConfigurationPlatforms) = postSolution
		{FC7301C1-1C38-4FAD-B170-C350354B5C6B}.Debug|Any CPU.ActiveCfg = Debug|Any CPU
		{FC7301C1-1C38-4FAD-B170-C350354B5C6B}.Debug|Any CPU.Build.0 = Debug|Any CPU
		{FC7301C1-1C38-4FAD-B170-C350354B5C6B}.Debug|x64.ActiveCfg = Debug|x64
		{FC7301C1-1C38-4FAD-B170-C350354B5C6B}.Debug|x64.Build.0 = Debug|x64
		{FC7301C1-1C38-4FAD-B170-C350354B5C6B}.Release|Any CPU.ActiveCfg = Release|Any CPU
		{FC7301C1-1C38-4FAD-B170-C350354B5C6B}.Release|Any CPU.Build.0 = Release|Any CPU
		{FC7301C1-1C38-4FAD-B170-C350354B5C6B}.Release|x64.ActiveCfg = Release|x64
		{FC7301C1-1C38-4FAD-B170-C350354B5C6B}.Release|x64.Build.0 = Release|x64
	EndGlobalSection
	GlobalSection(SolutionProperties) = preSolution
		HideSolutionNode = FALSE
	EndGlobalSection
	GlobalSection(ExtensibilityGlobals) = postSolution
		SolutionGuid = {67C3A81E-2A7F-453A-9824-5703E495B85B}
	EndGlobalSection
EndGlobal
