
Microsoft Visual Studio Solution File, Format Version 12.00
# Visual Studio Version 16
VisualStudioVersion = 16.0.32602.291
MinimumVisualStudioVersion = 10.0.40219.1
Project("{FAE04EC0-301F-11D3-BF4B-00C04F79EFBC}") = "SSQE Updater", "SSQE Updater\SSQE Updater.csproj", "{964B21B3-E25F-4096-B5C8-5B0D1C024A6C}"
EndProject
Global
	GlobalSection(SolutionConfigurationPlatforms) = preSolution
		Debug|Any CPU = Debug|Any CPU
		Release|Any CPU = Release|Any CPU
	EndGlobalSection
	GlobalSection(ProjectConfigurationPlatforms) = postSolution
		{964B21B3-E25F-4096-B5C8-5B0D1C024A6C}.Debug|Any CPU.ActiveCfg = Debug|Any CPU
		{964B21B3-E25F-4096-B5C8-5B0D1C024A6C}.Debug|Any CPU.Build.0 = Debug|Any CPU
		{964B21B3-E25F-4096-B5C8-5B0D1C024A6C}.Release|Any CPU.ActiveCfg = Release|Any CPU
		{964B21B3-E25F-4096-B5C8-5B0D1C024A6C}.Release|Any CPU.Build.0 = Release|Any CPU
	EndGlobalSection
	GlobalSection(SolutionProperties) = preSolution
		HideSolutionNode = FALSE
	EndGlobalSection
	GlobalSection(ExtensibilityGlobals) = postSolution
		SolutionGuid = {E8CA5A99-8247-4103-BB33-92C3BA2499D7}
	EndGlobalSection
EndGlobal
